
Microsoft Visual Studio Solution File, Format Version 12.00
# Visual Studio Version 16
VisualStudioVersion = 16.0.32929.386
MinimumVisualStudioVersion = 10.0.40219.1
Project("{FAE04EC0-301F-11D3-BF4B-00C04F79EFBC}") = "MessageEncoder", "MessageEncoder\MessageEncoder.csproj", "{21CFA774-45CE-4FA2-A477-8C3539C7C3BE}"
EndProject
Global
	GlobalSection(SolutionConfigurationPlatforms) = preSolution
		Debug|Any CPU = Debug|Any CPU
		Release|Any CPU = Release|Any CPU
	EndGlobalSection
	GlobalSection(ProjectConfigurationPlatforms) = postSolution
		{21CFA774-45CE-4FA2-A477-8C3539C7C3BE}.Debug|Any CPU.ActiveCfg = Debug|Any CPU
		{21CFA774-45CE-4FA2-A477-8C3539C7C3BE}.Debug|Any CPU.Build.0 = Debug|Any CPU
		{21CFA774-45CE-4FA2-A477-8C3539C7C3BE}.Release|Any CPU.ActiveCfg = Release|Any CPU
		{21CFA774-45CE-4FA2-A477-8C3539C7C3BE}.Release|Any CPU.Build.0 = Release|Any CPU
	EndGlobalSection
	GlobalSection(SolutionProperties) = preSolution
		HideSolutionNode = FALSE
	EndGlobalSection
	GlobalSection(ExtensibilityGlobals) = postSolution
		SolutionGuid = {E41E128C-5F36-4C90-9068-BB2565A85292}
	EndGlobalSection
EndGlobal
